// !$*UTF8*$!
{
	archiveVersion = 1;
	classes = {
	};
	objectVersion = 46;
	objects = {

/* Begin PBXBuildFile section */
		78180AE31999B0F20059112E /* Cocoa.framework in Frameworks */ = {isa = PBXBuildFile; fileRef = 78180AE21999B0F20059112E /* Cocoa.framework */; };
		78180AED1999B0F20059112E /* InfoPlist.strings in Resources */ = {isa = PBXBuildFile; fileRef = 78180AEB1999B0F20059112E /* InfoPlist.strings */; };
		78180AEF1999B0F20059112E /* main.m in Sources */ = {isa = PBXBuildFile; fileRef = 78180AEE1999B0F20059112E /* main.m */; };
		78180AF31999B0F20059112E /* Credits.rtf in Resources */ = {isa = PBXBuildFile; fileRef = 78180AF11999B0F20059112E /* Credits.rtf */; };
		78180AF61999B0F20059112E /* LEDocument.m in Sources */ = {isa = PBXBuildFile; fileRef = 78180AF51999B0F20059112E /* LEDocument.m */; };
		78180AF91999B0F20059112E /* LEDocument.xib in Resources */ = {isa = PBXBuildFile; fileRef = 78180AF71999B0F20059112E /* LEDocument.xib */; };
		78180AFC1999B0F20059112E /* MainMenu.xib in Resources */ = {isa = PBXBuildFile; fileRef = 78180AFA1999B0F20059112E /* MainMenu.xib */; };
		78180AFE1999B0F20059112E /* Images.xcassets in Resources */ = {isa = PBXBuildFile; fileRef = 78180AFD1999B0F20059112E /* Images.xcassets */; };
		78180B051999B0F20059112E /* XCTest.framework in Frameworks */ = {isa = PBXBuildFile; fileRef = 78180B041999B0F20059112E /* XCTest.framework */; };
		78180B061999B0F20059112E /* Cocoa.framework in Frameworks */ = {isa = PBXBuildFile; fileRef = 78180AE21999B0F20059112E /* Cocoa.framework */; };
		78180B0E1999B0F20059112E /* InfoPlist.strings in Resources */ = {isa = PBXBuildFile; fileRef = 78180B0C1999B0F20059112E /* InfoPlist.strings */; };
		78180B101999B0F20059112E /* LacunaExpanseTests.m in Sources */ = {isa = PBXBuildFile; fileRef = 78180B0F1999B0F20059112E /* LacunaExpanseTests.m */; };
		78180B1B1999B13B0059112E /* LEPlanet.m in Sources */ = {isa = PBXBuildFile; fileRef = 78180B1A1999B13B0059112E /* LEPlanet.m */; };
		78F969CC199C508F0074D4DA /* LoadData.m in Sources */ = {isa = PBXBuildFile; fileRef = 78F969CB199C508F0074D4DA /* LoadData.m */; };
/* End PBXBuildFile section */

/* Begin PBXContainerItemProxy section */
		78180B071999B0F20059112E /* PBXContainerItemProxy */ = {
			isa = PBXContainerItemProxy;
			containerPortal = 78180AD71999B0F20059112E /* Project object */;
			proxyType = 1;
			remoteGlobalIDString = 78180ADE1999B0F20059112E;
			remoteInfo = LacunaExpanse;
		};
/* End PBXContainerItemProxy section */

/* Begin PBXFileReference section */
		78180ADF1999B0F20059112E /* LacunaExpanse.app */ = {isa = PBXFileReference; explicitFileType = wrapper.application; includeInIndex = 0; path = LacunaExpanse.app; sourceTree = BUILT_PRODUCTS_DIR; };
		78180AE21999B0F20059112E /* Cocoa.framework */ = {isa = PBXFileReference; lastKnownFileType = wrapper.framework; name = Cocoa.framework; path = System/Library/Frameworks/Cocoa.framework; sourceTree = SDKROOT; };
		78180AE51999B0F20059112E /* AppKit.framework */ = {isa = PBXFileReference; lastKnownFileType = wrapper.framework; name = AppKit.framework; path = System/Library/Frameworks/AppKit.framework; sourceTree = SDKROOT; };
		78180AE61999B0F20059112E /* CoreData.framework */ = {isa = PBXFileReference; lastKnownFileType = wrapper.framework; name = CoreData.framework; path = System/Library/Frameworks/CoreData.framework; sourceTree = SDKROOT; };
		78180AE71999B0F20059112E /* Foundation.framework */ = {isa = PBXFileReference; lastKnownFileType = wrapper.framework; name = Foundation.framework; path = System/Library/Frameworks/Foundation.framework; sourceTree = SDKROOT; };
		78180AEA1999B0F20059112E /* LacunaExpanse-Info.plist */ = {isa = PBXFileReference; lastKnownFileType = text.plist.xml; path = "LacunaExpanse-Info.plist"; sourceTree = "<group>"; };
		78180AEC1999B0F20059112E /* en */ = {isa = PBXFileReference; lastKnownFileType = text.plist.strings; name = en; path = en.lproj/InfoPlist.strings; sourceTree = "<group>"; };
		78180AEE1999B0F20059112E /* main.m */ = {isa = PBXFileReference; lastKnownFileType = sourcecode.c.objc; path = main.m; sourceTree = "<group>"; };
		78180AF01999B0F20059112E /* LacunaExpanse-Prefix.pch */ = {isa = PBXFileReference; lastKnownFileType = sourcecode.c.h; path = "LacunaExpanse-Prefix.pch"; sourceTree = "<group>"; };
		78180AF21999B0F20059112E /* en */ = {isa = PBXFileReference; lastKnownFileType = text.rtf; name = en; path = en.lproj/Credits.rtf; sourceTree = "<group>"; };
		78180AF41999B0F20059112E /* LEDocument.h */ = {isa = PBXFileReference; lastKnownFileType = sourcecode.c.h; path = LEDocument.h; sourceTree = "<group>"; };
		78180AF51999B0F20059112E /* LEDocument.m */ = {isa = PBXFileReference; lastKnownFileType = sourcecode.c.objc; path = LEDocument.m; sourceTree = "<group>"; };
		78180AF81999B0F20059112E /* Base */ = {isa = PBXFileReference; lastKnownFileType = file.xib; name = Base; path = Base.lproj/LEDocument.xib; sourceTree = "<group>"; };
		78180AFB1999B0F20059112E /* Base */ = {isa = PBXFileReference; lastKnownFileType = file.xib; name = Base; path = Base.lproj/MainMenu.xib; sourceTree = "<group>"; };
		78180AFD1999B0F20059112E /* Images.xcassets */ = {isa = PBXFileReference; lastKnownFileType = folder.assetcatalog; path = Images.xcassets; sourceTree = "<group>"; };
		78180B031999B0F20059112E /* LacunaExpanseTests.xctest */ = {isa = PBXFileReference; explicitFileType = wrapper.cfbundle; includeInIndex = 0; path = LacunaExpanseTests.xctest; sourceTree = BUILT_PRODUCTS_DIR; };
		78180B041999B0F20059112E /* XCTest.framework */ = {isa = PBXFileReference; lastKnownFileType = wrapper.framework; name = XCTest.framework; path = Library/Frameworks/XCTest.framework; sourceTree = DEVELOPER_DIR; };
		78180B0B1999B0F20059112E /* LacunaExpanseTests-Info.plist */ = {isa = PBXFileReference; lastKnownFileType = text.plist.xml; path = "LacunaExpanseTests-Info.plist"; sourceTree = "<group>"; };
		78180B0D1999B0F20059112E /* en */ = {isa = PBXFileReference; lastKnownFileType = text.plist.strings; name = en; path = en.lproj/InfoPlist.strings; sourceTree = "<group>"; };
		78180B0F1999B0F20059112E /* LacunaExpanseTests.m */ = {isa = PBXFileReference; lastKnownFileType = sourcecode.c.objc; path = LacunaExpanseTests.m; sourceTree = "<group>"; };
		78180B191999B13B0059112E /* LEPlanet.h */ = {isa = PBXFileReference; fileEncoding = 4; lastKnownFileType = sourcecode.c.h; path = LEPlanet.h; sourceTree = "<group>"; };
		78180B1A1999B13B0059112E /* LEPlanet.m */ = {isa = PBXFileReference; fileEncoding = 4; lastKnownFileType = sourcecode.c.objc; path = LEPlanet.m; sourceTree = "<group>"; };
		78F969CA199C508F0074D4DA /* LoadData.h */ = {isa = PBXFileReference; fileEncoding = 4; lastKnownFileType = sourcecode.c.h; path = LoadData.h; sourceTree = "<group>"; };
		78F969CB199C508F0074D4DA /* LoadData.m */ = {isa = PBXFileReference; fileEncoding = 4; lastKnownFileType = sourcecode.c.objc; path = LoadData.m; sourceTree = "<group>"; };
/* End PBXFileReference section */

/* Begin PBXFrameworksBuildPhase section */
		78180ADC1999B0F20059112E /* Frameworks */ = {
			isa = PBXFrameworksBuildPhase;
			buildActionMask = 2147483647;
			files = (
				78180AE31999B0F20059112E /* Cocoa.framework in Frameworks */,
			);
			runOnlyForDeploymentPostprocessing = 0;
		};
		78180B001999B0F20059112E /* Frameworks */ = {
			isa = PBXFrameworksBuildPhase;
			buildActionMask = 2147483647;
			files = (
				78180B061999B0F20059112E /* Cocoa.framework in Frameworks */,
				78180B051999B0F20059112E /* XCTest.framework in Frameworks */,
			);
			runOnlyForDeploymentPostprocessing = 0;
		};
/* End PBXFrameworksBuildPhase section */

/* Begin PBXGroup section */
		78180AD61999B0F20059112E = {
			isa = PBXGroup;
			children = (
				78180AE81999B0F20059112E /* LacunaExpanse */,
				78180B091999B0F20059112E /* LacunaExpanseTests */,
				78180AE11999B0F20059112E /* Frameworks */,
				78180AE01999B0F20059112E /* Products */,
			);
			sourceTree = "<group>";
		};
		78180AE01999B0F20059112E /* Products */ = {
			isa = PBXGroup;
			children = (
				78180ADF1999B0F20059112E /* LacunaExpanse.app */,
				78180B031999B0F20059112E /* LacunaExpanseTests.xctest */,
			);
			name = Products;
			sourceTree = "<group>";
		};
		78180AE11999B0F20059112E /* Frameworks */ = {
			isa = PBXGroup;
			children = (
				78180AE21999B0F20059112E /* Cocoa.framework */,
				78180B041999B0F20059112E /* XCTest.framework */,
				78180AE41999B0F20059112E /* Other Frameworks */,
			);
			name = Frameworks;
			sourceTree = "<group>";
		};
		78180AE41999B0F20059112E /* Other Frameworks */ = {
			isa = PBXGroup;
			children = (
				78180AE51999B0F20059112E /* AppKit.framework */,
				78180AE61999B0F20059112E /* CoreData.framework */,
				78180AE71999B0F20059112E /* Foundation.framework */,
			);
			name = "Other Frameworks";
			sourceTree = "<group>";
		};
		78180AE81999B0F20059112E /* LacunaExpanse */ = {
			isa = PBXGroup;
			children = (
				78F969CA199C508F0074D4DA /* LoadData.h */,
				78F969CB199C508F0074D4DA /* LoadData.m */,
				78180B191999B13B0059112E /* LEPlanet.h */,
				78180B1A1999B13B0059112E /* LEPlanet.m */,
				78180AF41999B0F20059112E /* LEDocument.h */,
				78180AF51999B0F20059112E /* LEDocument.m */,
				78180AF71999B0F20059112E /* LEDocument.xib */,
				78180AFA1999B0F20059112E /* MainMenu.xib */,
				78180AFD1999B0F20059112E /* Images.xcassets */,
				78180AE91999B0F20059112E /* Supporting Files */,
			);
			path = LacunaExpanse;
			sourceTree = "<group>";
		};
		78180AE91999B0F20059112E /* Supporting Files */ = {
			isa = PBXGroup;
			children = (
				78180AEA1999B0F20059112E /* LacunaExpanse-Info.plist */,
				78180AEB1999B0F20059112E /* InfoPlist.strings */,
				78180AEE1999B0F20059112E /* main.m */,
				78180AF01999B0F20059112E /* LacunaExpanse-Prefix.pch */,
				78180AF11999B0F20059112E /* Credits.rtf */,
			);
			name = "Supporting Files";
			sourceTree = "<group>";
		};
		78180B091999B0F20059112E /* LacunaExpanseTests */ = {
			isa = PBXGroup;
			children = (
				78180B0F1999B0F20059112E /* LacunaExpanseTests.m */,
				78180B0A1999B0F20059112E /* Supporting Files */,
			);
			path = LacunaExpanseTests;
			sourceTree = "<group>";
		};
		78180B0A1999B0F20059112E /* Supporting Files */ = {
			isa = PBXGroup;
			children = (
				78180B0B1999B0F20059112E /* LacunaExpanseTests-Info.plist */,
				78180B0C1999B0F20059112E /* InfoPlist.strings */,
			);
			name = "Supporting Files";
			sourceTree = "<group>";
		};
/* End PBXGroup section */

/* Begin PBXNativeTarget section */
		78180ADE1999B0F20059112E /* LacunaExpanse */ = {
			isa = PBXNativeTarget;
			buildConfigurationList = 78180B131999B0F20059112E /* Build configuration list for PBXNativeTarget "LacunaExpanse" */;
			buildPhases = (
				78180ADB1999B0F20059112E /* Sources */,
				78180ADC1999B0F20059112E /* Frameworks */,
				78180ADD1999B0F20059112E /* Resources */,
			);
			buildRules = (
			);
			dependencies = (
			);
			name = LacunaExpanse;
			productName = LacunaExpanse;
			productReference = 78180ADF1999B0F20059112E /* LacunaExpanse.app */;
			productType = "com.apple.product-type.application";
		};
		78180B021999B0F20059112E /* LacunaExpanseTests */ = {
			isa = PBXNativeTarget;
			buildConfigurationList = 78180B161999B0F20059112E /* Build configuration list for PBXNativeTarget "LacunaExpanseTests" */;
			buildPhases = (
				78180AFF1999B0F20059112E /* Sources */,
				78180B001999B0F20059112E /* Frameworks */,
				78180B011999B0F20059112E /* Resources */,
			);
			buildRules = (
			);
			dependencies = (
				78180B081999B0F20059112E /* PBXTargetDependency */,
			);
			name = LacunaExpanseTests;
			productName = LacunaExpanseTests;
			productReference = 78180B031999B0F20059112E /* LacunaExpanseTests.xctest */;
			productType = "com.apple.product-type.bundle.unit-test";
		};
/* End PBXNativeTarget section */

/* Begin PBXProject section */
		78180AD71999B0F20059112E /* Project object */ = {
			isa = PBXProject;
			attributes = {
				CLASSPREFIX = LE;
				LastUpgradeCheck = 0510;
				ORGANIZATIONNAME = Mizar;
				TargetAttributes = {
					78180B021999B0F20059112E = {
						TestTargetID = 78180ADE1999B0F20059112E;
					};
				};
			};
			buildConfigurationList = 78180ADA1999B0F20059112E /* Build configuration list for PBXProject "LacunaExpanse" */;
			compatibilityVersion = "Xcode 3.2";
			developmentRegion = English;
			hasScannedForEncodings = 0;
			knownRegions = (
				en,
				Base,
			);
			mainGroup = 78180AD61999B0F20059112E;
			productRefGroup = 78180AE01999B0F20059112E /* Products */;
			projectDirPath = "";
			projectRoot = "";
			targets = (
				78180ADE1999B0F20059112E /* LacunaExpanse */,
				78180B021999B0F20059112E /* LacunaExpanseTests */,
			);
		};
/* End PBXProject section */

/* Begin PBXResourcesBuildPhase section */
		78180ADD1999B0F20059112E /* Resources */ = {
			isa = PBXResourcesBuildPhase;
			buildActionMask = 2147483647;
			files = (
				78180AED1999B0F20059112E /* InfoPlist.strings in Resources */,
				78180AFE1999B0F20059112E /* Images.xcassets in Resources */,
				78180AF91999B0F20059112E /* LEDocument.xib in Resources */,
				78180AF31999B0F20059112E /* Credits.rtf in Resources */,
				78180AFC1999B0F20059112E /* MainMenu.xib in Resources */,
			);
			runOnlyForDeploymentPostprocessing = 0;
		};
		78180B011999B0F20059112E /* Resources */ = {
			isa = PBXResourcesBuildPhase;
			buildActionMask = 2147483647;
			files = (
				78180B0E1999B0F20059112E /* InfoPlist.strings in Resources */,
			);
			runOnlyForDeploymentPostprocessing = 0;
		};
/* End PBXResourcesBuildPhase section */

/* Begin PBXSourcesBuildPhase section */
		78180ADB1999B0F20059112E /* Sources */ = {
			isa = PBXSourcesBuildPhase;
			buildActionMask = 2147483647;
			files = (
				78180AEF1999B0F20059112E /* main.m in Sources */,
				78180AF61999B0F20059112E /* LEDocument.m in Sources */,
				78180B1B1999B13B0059112E /* LEPlanet.m in Sources */,
				78F969CC199C508F0074D4DA /* LoadData.m in Sources */,
			);
			runOnlyForDeploymentPostprocessing = 0;
		};
		78180AFF1999B0F20059112E /* Sources */ = {
			isa = PBXSourcesBuildPhase;
			buildActionMask = 2147483647;
			files = (
				78180B101999B0F20059112E /* LacunaExpanseTests.m in Sources */,
			);
			runOnlyForDeploymentPostprocessing = 0;
		};
/* End PBXSourcesBuildPhase section */

/* Begin PBXTargetDependency section */
		78180B081999B0F20059112E /* PBXTargetDependency */ = {
			isa = PBXTargetDependency;
			target = 78180ADE1999B0F20059112E /* LacunaExpanse */;
			targetProxy = 78180B071999B0F20059112E /* PBXContainerItemProxy */;
		};
/* End PBXTargetDependency section */

/* Begin PBXVariantGroup section */
		78180AEB1999B0F20059112E /* InfoPlist.strings */ = {
			isa = PBXVariantGroup;
			children = (
				78180AEC1999B0F20059112E /* en */,
			);
			name = InfoPlist.strings;
			sourceTree = "<group>";
		};
		78180AF11999B0F20059112E /* Credits.rtf */ = {
			isa = PBXVariantGroup;
			children = (
				78180AF21999B0F20059112E /* en */,
			);
			name = Credits.rtf;
			sourceTree = "<group>";
		};
		78180AF71999B0F20059112E /* LEDocument.xib */ = {
			isa = PBXVariantGroup;
			children = (
				78180AF81999B0F20059112E /* Base */,
			);
			name = LEDocument.xib;
			sourceTree = "<group>";
		};
		78180AFA1999B0F20059112E /* MainMenu.xib */ = {
			isa = PBXVariantGroup;
			children = (
				78180AFB1999B0F20059112E /* Base */,
			);
			name = MainMenu.xib;
			sourceTree = "<group>";
		};
		78180B0C1999B0F20059112E /* InfoPlist.strings */ = {
			isa = PBXVariantGroup;
			children = (
				78180B0D1999B0F20059112E /* en */,
			);
			name = InfoPlist.strings;
			sourceTree = "<group>";
		};
/* End PBXVariantGroup section */

/* Begin XCBuildConfiguration section */
		78180B111999B0F20059112E /* Debug */ = {
			isa = XCBuildConfiguration;
			buildSettings = {
				ALWAYS_SEARCH_USER_PATHS = NO;
				CLANG_CXX_LANGUAGE_STANDARD = "gnu++0x";
				CLANG_CXX_LIBRARY = "libc++";
				CLANG_ENABLE_MODULES = YES;
				CLANG_ENABLE_OBJC_ARC = YES;
				CLANG_WARN_BOOL_CONVERSION = YES;
				CLANG_WARN_CONSTANT_CONVERSION = YES;
				CLANG_WARN_DIRECT_OBJC_ISA_USAGE = YES_ERROR;
				CLANG_WARN_EMPTY_BODY = YES;
				CLANG_WARN_ENUM_CONVERSION = YES;
				CLANG_WARN_INT_CONVERSION = YES;
				CLANG_WARN_OBJC_ROOT_CLASS = YES_ERROR;
				CLANG_WARN__DUPLICATE_METHOD_MATCH = YES;
				COPY_PHASE_STRIP = NO;
				GCC_C_LANGUAGE_STANDARD = gnu99;
				GCC_DYNAMIC_NO_PIC = NO;
				GCC_ENABLE_OBJC_EXCEPTIONS = YES;
				GCC_OPTIMIZATION_LEVEL = 0;
				GCC_PREPROCESSOR_DEFINITIONS = (
					"DEBUG=1",
					"$(inherited)",
				);
				GCC_SYMBOLS_PRIVATE_EXTERN = NO;
				GCC_WARN_64_TO_32_BIT_CONVERSION = YES;
				GCC_WARN_ABOUT_RETURN_TYPE = YES_ERROR;
				GCC_WARN_UNDECLARED_SELECTOR = YES;
				GCC_WARN_UNINITIALIZED_AUTOS = YES_AGGRESSIVE;
				GCC_WARN_UNUSED_FUNCTION = YES;
				GCC_WARN_UNUSED_VARIABLE = YES;
				MACOSX_DEPLOYMENT_TARGET = 10.9;
				ONLY_ACTIVE_ARCH = YES;
				SDKROOT = macosx;
			};
			name = Debug;
		};
		78180B121999B0F20059112E /* Release */ = {
			isa = XCBuildConfiguration;
			buildSettings = {
				ALWAYS_SEARCH_USER_PATHS = NO;
				CLANG_CXX_LANGUAGE_STANDARD = "gnu++0x";
				CLANG_CXX_LIBRARY = "libc++";
				CLANG_ENABLE_MODULES = YES;
				CLANG_ENABLE_OBJC_ARC = YES;
				CLANG_WARN_BOOL_CONVERSION = YES;
				CLANG_WARN_CONSTANT_CONVERSION = YES;
				CLANG_WARN_DIRECT_OBJC_ISA_USAGE = YES_ERROR;
				CLANG_WARN_EMPTY_BODY = YES;
				CLANG_WARN_ENUM_CONVERSION = YES;
				CLANG_WARN_INT_CONVERSION = YES;
				CLANG_WARN_OBJC_ROOT_CLASS = YES_ERROR;
				CLANG_WARN__DUPLICATE_METHOD_MATCH = YES;
				COPY_PHASE_STRIP = YES;
				DEBUG_INFORMATION_FORMAT = "dwarf-with-dsym";
				ENABLE_NS_ASSERTIONS = NO;
				GCC_C_LANGUAGE_STANDARD = gnu99;
				GCC_ENABLE_OBJC_EXCEPTIONS = YES;
				GCC_WARN_64_TO_32_BIT_CONVERSION = YES;
				GCC_WARN_ABOUT_RETURN_TYPE = YES_ERROR;
				GCC_WARN_UNDECLARED_SELECTOR = YES;
				GCC_WARN_UNINITIALIZED_AUTOS = YES_AGGRESSIVE;
				GCC_WARN_UNUSED_FUNCTION = YES;
				GCC_WARN_UNUSED_VARIABLE = YES;
				MACOSX_DEPLOYMENT_TARGET = 10.9;
				SDKROOT = macosx;
			};
			name = Release;
		};
		78180B141999B0F20059112E /* Debug */ = {
			isa = XCBuildConfiguration;
			buildSettings = {
				ASSETCATALOG_COMPILER_APPICON_NAME = AppIcon;
				COMBINE_HIDPI_IMAGES = YES;
				GCC_PRECOMPILE_PREFIX_HEADER = YES;
				GCC_PREFIX_HEADER = "LacunaExpanse/LacunaExpanse-Prefix.pch";
				INFOPLIST_FILE = "LacunaExpanse/LacunaExpanse-Info.plist";
				PRODUCT_NAME = "$(TARGET_NAME)";
				WRAPPER_EXTENSION = app;
			};
			name = Debug;
		};
		78180B151999B0F20059112E /* Release */ = {
			isa = XCBuildConfiguration;
			buildSettings = {
				ASSETCATALOG_COMPILER_APPICON_NAME = AppIcon;
				COMBINE_HIDPI_IMAGES = YES;
				GCC_PRECOMPILE_PREFIX_HEADER = YES;
				GCC_PREFIX_HEADER = "LacunaExpanse/LacunaExpanse-Prefix.pch";
				INFOPLIST_FILE = "LacunaExpanse/LacunaExpanse-Info.plist";
				PRODUCT_NAME = "$(TARGET_NAME)";
				WRAPPER_EXTENSION = app;
			};
			name = Release;
		};
		78180B171999B0F20059112E /* Debug */ = {
			isa = XCBuildConfiguration;
			buildSettings = {
				BUNDLE_LOADER = "$(BUILT_PRODUCTS_DIR)/LacunaExpanse.app/Contents/MacOS/LacunaExpanse";
				COMBINE_HIDPI_IMAGES = YES;
				FRAMEWORK_SEARCH_PATHS = (
					"$(DEVELOPER_FRAMEWORKS_DIR)",
					"$(inherited)",
				);
				GCC_PRECOMPILE_PREFIX_HEADER = YES;
				GCC_PREFIX_HEADER = "LacunaExpanse/LacunaExpanse-Prefix.pch";
				GCC_PREPROCESSOR_DEFINITIONS = (
					"DEBUG=1",
					"$(inherited)",
				);
				INFOPLIST_FILE = "LacunaExpanseTests/LacunaExpanseTests-Info.plist";
				PRODUCT_NAME = "$(TARGET_NAME)";
				TEST_HOST = "$(BUNDLE_LOADER)";
				WRAPPER_EXTENSION = xctest;
			};
			name = Debug;
		};
		78180B181999B0F20059112E /* Release */ = {
			isa = XCBuildConfiguration;
			buildSettings = {
				BUNDLE_LOADER = "$(BUILT_PRODUCTS_DIR)/LacunaExpanse.app/Contents/MacOS/LacunaExpanse";
				COMBINE_HIDPI_IMAGES = YES;
				FRAMEWORK_SEARCH_PATHS = (
					"$(DEVELOPER_FRAMEWORKS_DIR)",
					"$(inherited)",
				);
				GCC_PRECOMPILE_PREFIX_HEADER = YES;
				GCC_PREFIX_HEADER = "LacunaExpanse/LacunaExpanse-Prefix.pch";
				INFOPLIST_FILE = "LacunaExpanseTests/LacunaExpanseTests-Info.plist";
				PRODUCT_NAME = "$(TARGET_NAME)";
				TEST_HOST = "$(BUNDLE_LOADER)";
				WRAPPER_EXTENSION = xctest;
			};
			name = Release;
		};
/* End XCBuildConfiguration section */

/* Begin XCConfigurationList section */
		78180ADA1999B0F20059112E /* Build configuration list for PBXProject "LacunaExpanse" */ = {
			isa = XCConfigurationList;
			buildConfigurations = (
				78180B111999B0F20059112E /* Debug */,
				78180B121999B0F20059112E /* Release */,
			);
			defaultConfigurationIsVisible = 0;
			defaultConfigurationName = Release;
		};
		78180B131999B0F20059112E /* Build configuration list for PBXNativeTarget "LacunaExpanse" */ = {
			isa = XCConfigurationList;
			buildConfigurations = (
				78180B141999B0F20059112E /* Debug */,
				78180B151999B0F20059112E /* Release */,
			);
			defaultConfigurationIsVisible = 0;
			defaultConfigurationName = Release;
		};
		78180B161999B0F20059112E /* Build configuration list for PBXNativeTarget "LacunaExpanseTests" */ = {
			isa = XCConfigurationList;
			buildConfigurations = (
				78180B171999B0F20059112E /* Debug */,
				78180B181999B0F20059112E /* Release */,
			);
			defaultConfigurationIsVisible = 0;
			defaultConfigurationName = Release;
		};
/* End XCConfigurationList section */
	};
	rootObject = 78180AD71999B0F20059112E /* Project object */;
}
